
Microsoft Visual Studio Solution File, Format Version 12.00
# Visual Studio Version 16
VisualStudioVersion = 16.0.30621.155
MinimumVisualStudioVersion = 10.0.40219.1
Project("{9A19103F-16F7-4668-BE54-9A1E7A4F7556}") = "AgroCampo_API", "AgroCampo_Back\AgroCampo_API\AgroCampo_API.csproj", "{159F0349-B07B-4A5E-A37A-B8B224C16907}"
EndProject
Project("{9A19103F-16F7-4668-BE54-9A1E7A4F7556}") = "AgroCampo_Business", "AgroCampo_Back\AgroCampo_Business\AgroCampo_Business.csproj", "{3E1849D1-881C-4D97-8629-B5D13062645F}"
EndProject
Project("{9A19103F-16F7-4668-BE54-9A1E7A4F7556}") = "AgroCampo_Common", "AgroCampo_Back\AgroCampo_Common\AgroCampo_Common.csproj", "{CC0F616F-CF8A-4851-AD2C-816A6B9DAEB8}"
EndProject
Project("{9A19103F-16F7-4668-BE54-9A1E7A4F7556}") = "AgroCampo_DataAccess", "AgroCampo_Back\AgroCampo_DataAccess\AgroCampo_DataAccess.csproj", "{FBCD6031-3D64-4DF3-96DA-A2BE7B649723}"
EndProject
Project("{9A19103F-16F7-4668-BE54-9A1E7A4F7556}") = "AgroCampo_Domain", "AgroCampo_Back\AgroCampo_Domain\AgroCampo_Domain.csproj", "{FD19AA15-68F4-4ED5-B601-932B0C5FCA00}"
EndProject
Global
	GlobalSection(SolutionConfigurationPlatforms) = preSolution
		Debug|Any CPU = Debug|Any CPU
		Release|Any CPU = Release|Any CPU
	EndGlobalSection
	GlobalSection(ProjectConfigurationPlatforms) = postSolution
		{159F0349-B07B-4A5E-A37A-B8B224C16907}.Debug|Any CPU.ActiveCfg = Debug|Any CPU
		{159F0349-B07B-4A5E-A37A-B8B224C16907}.Debug|Any CPU.Build.0 = Debug|Any CPU
		{159F0349-B07B-4A5E-A37A-B8B224C16907}.Release|Any CPU.ActiveCfg = Release|Any CPU
		{159F0349-B07B-4A5E-A37A-B8B224C16907}.Release|Any CPU.Build.0 = Release|Any CPU
		{3E1849D1-881C-4D97-8629-B5D13062645F}.Debug|Any CPU.ActiveCfg = Debug|Any CPU
		{3E1849D1-881C-4D97-8629-B5D13062645F}.Debug|Any CPU.Build.0 = Debug|Any CPU
		{3E1849D1-881C-4D97-8629-B5D13062645F}.Release|Any CPU.ActiveCfg = Release|Any CPU
		{3E1849D1-881C-4D97-8629-B5D13062645F}.Release|Any CPU.Build.0 = Release|Any CPU
		{CC0F616F-CF8A-4851-AD2C-816A6B9DAEB8}.Debug|Any CPU.ActiveCfg = Debug|Any CPU
		{CC0F616F-CF8A-4851-AD2C-816A6B9DAEB8}.Debug|Any CPU.Build.0 = Debug|Any CPU
		{CC0F616F-CF8A-4851-AD2C-816A6B9DAEB8}.Release|Any CPU.ActiveCfg = Release|Any CPU
		{CC0F616F-CF8A-4851-AD2C-816A6B9DAEB8}.Release|Any CPU.Build.0 = Release|Any CPU
		{FBCD6031-3D64-4DF3-96DA-A2BE7B649723}.Debug|Any CPU.ActiveCfg = Debug|Any CPU
		{FBCD6031-3D64-4DF3-96DA-A2BE7B649723}.Debug|Any CPU.Build.0 = Debug|Any CPU
		{FBCD6031-3D64-4DF3-96DA-A2BE7B649723}.Release|Any CPU.ActiveCfg = Release|Any CPU
		{FBCD6031-3D64-4DF3-96DA-A2BE7B649723}.Release|Any CPU.Build.0 = Release|Any CPU
		{FD19AA15-68F4-4ED5-B601-932B0C5FCA00}.Debug|Any CPU.ActiveCfg = Debug|Any CPU
		{FD19AA15-68F4-4ED5-B601-932B0C5FCA00}.Debug|Any CPU.Build.0 = Debug|Any CPU
		{FD19AA15-68F4-4ED5-B601-932B0C5FCA00}.Release|Any CPU.ActiveCfg = Release|Any CPU
		{FD19AA15-68F4-4ED5-B601-932B0C5FCA00}.Release|Any CPU.Build.0 = Release|Any CPU
	EndGlobalSection
	GlobalSection(SolutionProperties) = preSolution
		HideSolutionNode = FALSE
	EndGlobalSection
	GlobalSection(ExtensibilityGlobals) = postSolution
		SolutionGuid = {D16B350E-B9F0-472B-B8AA-D338923A848E}
	EndGlobalSection
EndGlobal
